
Microsoft Visual Studio Solution File, Format Version 12.00
# Visual Studio Version 16
VisualStudioVersion = 16.0.31321.278
MinimumVisualStudioVersion = 10.0.40219.1
Project("{FAE04EC0-301F-11D3-BF4B-00C04F79EFBC}") = "CarPage.Android", "CarPage.Android\CarPage.Android.csproj", "{6A139DF1-2D64-471E-9FBA-0C5F5C5FA81D}"
EndProject
Project("{FAE04EC0-301F-11D3-BF4B-00C04F79EFBC}") = "CarPage.iOS", "CarPage.iOS\CarPage.iOS.csproj", "{797EEF17-610A-4759-889D-8FED8E2BAC34}"
EndProject
Project("{FAE04EC0-301F-11D3-BF4B-00C04F79EFBC}") = "CarPage", "CarPage\CarPage.csproj", "{27D88EE2-6049-4485-AFC9-1902728310E8}"
EndProject
Global
	GlobalSection(SolutionConfigurationPlatforms) = preSolution
		Debug|Any CPU = Debug|Any CPU
		Debug|iPhone = Debug|iPhone
		Debug|iPhoneSimulator = Debug|iPhoneSimulator
		Release|Any CPU = Release|Any CPU
		Release|iPhone = Release|iPhone
		Release|iPhoneSimulator = Release|iPhoneSimulator
	EndGlobalSection
	GlobalSection(ProjectConfigurationPlatforms) = postSolution
		{6A139DF1-2D64-471E-9FBA-0C5F5C5FA81D}.Debug|Any CPU.ActiveCfg = Debug|Any CPU
		{6A139DF1-2D64-471E-9FBA-0C5F5C5FA81D}.Debug|Any CPU.Build.0 = Debug|Any CPU
		{6A139DF1-2D64-471E-9FBA-0C5F5C5FA81D}.Debug|Any CPU.Deploy.0 = Debug|Any CPU
		{6A139DF1-2D64-471E-9FBA-0C5F5C5FA81D}.Debug|iPhone.ActiveCfg = Debug|Any CPU
		{6A139DF1-2D64-471E-9FBA-0C5F5C5FA81D}.Debug|iPhone.Build.0 = Debug|Any CPU
		{6A139DF1-2D64-471E-9FBA-0C5F5C5FA81D}.Debug|iPhone.Deploy.0 = Debug|Any CPU
		{6A139DF1-2D64-471E-9FBA-0C5F5C5FA81D}.Debug|iPhoneSimulator.ActiveCfg = Debug|Any CPU
		{6A139DF1-2D64-471E-9FBA-0C5F5C5FA81D}.Debug|iPhoneSimulator.Build.0 = Debug|Any CPU
		{6A139DF1-2D64-471E-9FBA-0C5F5C5FA81D}.Debug|iPhoneSimulator.Deploy.0 = Debug|Any CPU
		{6A139DF1-2D64-471E-9FBA-0C5F5C5FA81D}.Release|Any CPU.ActiveCfg = Release|Any CPU
		{6A139DF1-2D64-471E-9FBA-0C5F5C5FA81D}.Release|Any CPU.Build.0 = Release|Any CPU
		{6A139DF1-2D64-471E-9FBA-0C5F5C5FA81D}.Release|Any CPU.Deploy.0 = Release|Any CPU
		{6A139DF1-2D64-471E-9FBA-0C5F5C5FA81D}.Release|iPhone.ActiveCfg = Release|Any CPU
		{6A139DF1-2D64-471E-9FBA-0C5F5C5FA81D}.Release|iPhone.Build.0 = Release|Any CPU
		{6A139DF1-2D64-471E-9FBA-0C5F5C5FA81D}.Release|iPhone.Deploy.0 = Release|Any CPU
		{6A139DF1-2D64-471E-9FBA-0C5F5C5FA81D}.Release|iPhoneSimulator.ActiveCfg = Release|Any CPU
		{6A139DF1-2D64-471E-9FBA-0C5F5C5FA81D}.Release|iPhoneSimulator.Build.0 = Release|Any CPU
		{6A139DF1-2D64-471E-9FBA-0C5F5C5FA81D}.Release|iPhoneSimulator.Deploy.0 = Release|Any CPU
		{797EEF17-610A-4759-889D-8FED8E2BAC34}.Debug|Any CPU.ActiveCfg = Debug|iPhone
		{797EEF17-610A-4759-889D-8FED8E2BAC34}.Debug|Any CPU.Build.0 = Debug|iPhone
		{797EEF17-610A-4759-889D-8FED8E2BAC34}.Debug|Any CPU.Deploy.0 = Debug|iPhone
		{797EEF17-610A-4759-889D-8FED8E2BAC34}.Debug|iPhone.ActiveCfg = Debug|iPhone
		{797EEF17-610A-4759-889D-8FED8E2BAC34}.Debug|iPhone.Build.0 = Debug|iPhone
		{797EEF17-610A-4759-889D-8FED8E2BAC34}.Debug|iPhone.Deploy.0 = Debug|iPhone
		{797EEF17-610A-4759-889D-8FED8E2BAC34}.Debug|iPhoneSimulator.ActiveCfg = Debug|iPhoneSimulator
		{797EEF17-610A-4759-889D-8FED8E2BAC34}.Debug|iPhoneSimulator.Build.0 = Debug|iPhoneSimulator
		{797EEF17-610A-4759-889D-8FED8E2BAC34}.Debug|iPhoneSimulator.Deploy.0 = Debug|iPhoneSimulator
		{797EEF17-610A-4759-889D-8FED8E2BAC34}.Release|Any CPU.ActiveCfg = Release|iPhoneSimulator
		{797EEF17-610A-4759-889D-8FED8E2BAC34}.Release|Any CPU.Build.0 = Release|iPhoneSimulator
		{797EEF17-610A-4759-889D-8FED8E2BAC34}.Release|Any CPU.Deploy.0 = Release|iPhoneSimulator
		{797EEF17-610A-4759-889D-8FED8E2BAC34}.Release|iPhone.ActiveCfg = Release|iPhone
		{797EEF17-610A-4759-889D-8FED8E2BAC34}.Release|iPhone.Build.0 = Release|iPhone
		{797EEF17-610A-4759-889D-8FED8E2BAC34}.Release|iPhone.Deploy.0 = Release|iPhone
		{797EEF17-610A-4759-889D-8FED8E2BAC34}.Release|iPhoneSimulator.ActiveCfg = Release|iPhoneSimulator
		{797EEF17-610A-4759-889D-8FED8E2BAC34}.Release|iPhoneSimulator.Build.0 = Release|iPhoneSimulator
		{797EEF17-610A-4759-889D-8FED8E2BAC34}.Release|iPhoneSimulator.Deploy.0 = Release|iPhoneSimulator
		{27D88EE2-6049-4485-AFC9-1902728310E8}.Debug|Any CPU.ActiveCfg = Debug|Any CPU
		{27D88EE2-6049-4485-AFC9-1902728310E8}.Debug|Any CPU.Build.0 = Debug|Any CPU
		{27D88EE2-6049-4485-AFC9-1902728310E8}.Debug|Any CPU.Deploy.0 = Debug|Any CPU
		{27D88EE2-6049-4485-AFC9-1902728310E8}.Debug|iPhone.ActiveCfg = Debug|Any CPU
		{27D88EE2-6049-4485-AFC9-1902728310E8}.Debug|iPhone.Build.0 = Debug|Any CPU
		{27D88EE2-6049-4485-AFC9-1902728310E8}.Debug|iPhone.Deploy.0 = Debug|Any CPU
		{27D88EE2-6049-4485-AFC9-1902728310E8}.Debug|iPhoneSimulator.ActiveCfg = Debug|Any CPU
		{27D88EE2-6049-4485-AFC9-1902728310E8}.Debug|iPhoneSimulator.Build.0 = Debug|Any CPU
		{27D88EE2-6049-4485-AFC9-1902728310E8}.Debug|iPhoneSimulator.Deploy.0 = Debug|Any CPU
		{27D88EE2-6049-4485-AFC9-1902728310E8}.Release|Any CPU.ActiveCfg = Release|Any CPU
		{27D88EE2-6049-4485-AFC9-1902728310E8}.Release|Any CPU.Build.0 = Release|Any CPU
		{27D88EE2-6049-4485-AFC9-1902728310E8}.Release|Any CPU.Deploy.0 = Release|Any CPU
		{27D88EE2-6049-4485-AFC9-1902728310E8}.Release|iPhone.ActiveCfg = Release|Any CPU
		{27D88EE2-6049-4485-AFC9-1902728310E8}.Release|iPhone.Build.0 = Release|Any CPU
		{27D88EE2-6049-4485-AFC9-1902728310E8}.Release|iPhone.Deploy.0 = Release|Any CPU
		{27D88EE2-6049-4485-AFC9-1902728310E8}.Release|iPhoneSimulator.ActiveCfg = Release|Any CPU
		{27D88EE2-6049-4485-AFC9-1902728310E8}.Release|iPhoneSimulator.Build.0 = Release|Any CPU
		{27D88EE2-6049-4485-AFC9-1902728310E8}.Release|iPhoneSimulator.Deploy.0 = Release|Any CPU
	EndGlobalSection
	GlobalSection(SolutionProperties) = preSolution
		HideSolutionNode = FALSE
	EndGlobalSection
	GlobalSection(ExtensibilityGlobals) = postSolution
		SolutionGuid = {9461B072-904B-4C2E-AAB1-1E3C5822F021}
	EndGlobalSection
EndGlobal
